
Microsoft Visual Studio Solution File, Format Version 12.00
# Visual Studio Version 17
VisualStudioVersion = 17.1.31911.260
MinimumVisualStudioVersion = 10.0.40219.1
Project("{9A19103F-16F7-4668-BE54-9A1E7A4F7556}") = "NumericalSolutionOfDifferentialEquations", "NumericalSolutionOfDifferentialEquations\NumericalSolutionOfDifferentialEquations.csproj", "{CBB98CC6-60B2-4F65-BE13-A161DB64948C}"
EndProject
Project("{9A19103F-16F7-4668-BE54-9A1E7A4F7556}") = "DifferentialEquationNumerical", "DifirentialEqationNumerical\DifferentialEquationNumerical.csproj", "{FF70212E-B600-4484-B3F2-042555882EFA}"
EndProject
Global
	GlobalSection(SolutionConfigurationPlatforms) = preSolution
		Debug|Any CPU = Debug|Any CPU
		Release|Any CPU = Release|Any CPU
	EndGlobalSection
	GlobalSection(ProjectConfigurationPlatforms) = postSolution
		{CBB98CC6-60B2-4F65-BE13-A161DB64948C}.Debug|Any CPU.ActiveCfg = Debug|Any CPU
		{CBB98CC6-60B2-4F65-BE13-A161DB64948C}.Debug|Any CPU.Build.0 = Debug|Any CPU
		{CBB98CC6-60B2-4F65-BE13-A161DB64948C}.Release|Any CPU.ActiveCfg = Release|Any CPU
		{CBB98CC6-60B2-4F65-BE13-A161DB64948C}.Release|Any CPU.Build.0 = Release|Any CPU
		{FF70212E-B600-4484-B3F2-042555882EFA}.Debug|Any CPU.ActiveCfg = Debug|Any CPU
		{FF70212E-B600-4484-B3F2-042555882EFA}.Debug|Any CPU.Build.0 = Debug|Any CPU
		{FF70212E-B600-4484-B3F2-042555882EFA}.Release|Any CPU.ActiveCfg = Release|Any CPU
		{FF70212E-B600-4484-B3F2-042555882EFA}.Release|Any CPU.Build.0 = Release|Any CPU
	EndGlobalSection
	GlobalSection(SolutionProperties) = preSolution
		HideSolutionNode = FALSE
	EndGlobalSection
	GlobalSection(ExtensibilityGlobals) = postSolution
		SolutionGuid = {EBE8E524-3B9E-414A-96CA-787DCAD037AE}
	EndGlobalSection
EndGlobal
